// !$*UTF8*$!
{
	archiveVersion = 1;
	classes = {
	};
	objectVersion = 50;
	objects = {

/* Begin PBXBuildFile section */
		5829853022B2068A002900CB /* UIViewController_Util.m in Sources */ = {isa = PBXBuildFile; fileRef = 5829852F22B2068A002900CB /* UIViewController_Util.m */; };
		5829853322B21E04002900CB /* ViewController2.m in Sources */ = {isa = PBXBuildFile; fileRef = 5829853222B21E04002900CB /* ViewController2.m */; };
		5829853622B224DD002900CB /* NSString_Util.m in Sources */ = {isa = PBXBuildFile; fileRef = 5829853522B224DC002900CB /* NSString_Util.m */; };
		5829853B22B22691002900CB /* NSString_XWCrypto.m in Sources */ = {isa = PBXBuildFile; fileRef = 5829853822B22690002900CB /* NSString_XWCrypto.m */; };
		5829853C22B22691002900CB /* NSData_XWCrypto.m in Sources */ = {isa = PBXBuildFile; fileRef = 5829853A22B22690002900CB /* NSData_XWCrypto.m */; };
		5829853F22B23DB6002900CB /* XWBase64EncodingUtil.m in Sources */ = {isa = PBXBuildFile; fileRef = 5829853E22B23DB6002900CB /* XWBase64EncodingUtil.m */; };
		5829854222B24BDF002900CB /* UIView_Util.m in Sources */ = {isa = PBXBuildFile; fileRef = 5829854122B24BDF002900CB /* UIView_Util.m */; };
		5829855422B27B97002900CB /* UIScrollView_Util.m in Sources */ = {isa = PBXBuildFile; fileRef = 5829855322B27B97002900CB /* UIScrollView_Util.m */; };
		5829855722B280FD002900CB /* ViewController3.m in Sources */ = {isa = PBXBuildFile; fileRef = 5829855622B280FD002900CB /* ViewController3.m */; };
		58DFF1F222B16EDA0037A10A /* AppDelegate.m in Sources */ = {isa = PBXBuildFile; fileRef = 58DFF1F122B16EDA0037A10A /* AppDelegate.m */; };
		58DFF1F522B16EDA0037A10A /* ViewController.m in Sources */ = {isa = PBXBuildFile; fileRef = 58DFF1F422B16EDA0037A10A /* ViewController.m */; };
		58DFF1F822B16EDA0037A10A /* Main.storyboard in Resources */ = {isa = PBXBuildFile; fileRef = 58DFF1F622B16EDA0037A10A /* Main.storyboard */; };
		58DFF1FA22B16EDB0037A10A /* Assets.xcassets in Resources */ = {isa = PBXBuildFile; fileRef = 58DFF1F922B16EDB0037A10A /* Assets.xcassets */; };
		58DFF1FD22B16EDB0037A10A /* LaunchScreen.storyboard in Resources */ = {isa = PBXBuildFile; fileRef = 58DFF1FB22B16EDB0037A10A /* LaunchScreen.storyboard */; };
		58DFF20022B16EDB0037A10A /* main.m in Sources */ = {isa = PBXBuildFile; fileRef = 58DFF1FF22B16EDB0037A10A /* main.m */; };
		58DFF20B22B170B00037A10A /* UIImage_Util.m in Sources */ = {isa = PBXBuildFile; fileRef = 58DFF20A22B170B00037A10A /* UIImage_Util.m */; };
		58DFF20D22B1716A0037A10A /* test.gif in Resources */ = {isa = PBXBuildFile; fileRef = 58DFF20C22B1716A0037A10A /* test.gif */; };
		58DFF21022B172160037A10A /* NSDate_Util.m in Sources */ = {isa = PBXBuildFile; fileRef = 58DFF20F22B172160037A10A /* NSDate_Util.m */; };
/* End PBXBuildFile section */

/* Begin PBXFileReference section */
		5829852E22B2068A002900CB /* UIViewController_Util.h */ = {isa = PBXFileReference; lastKnownFileType = sourcecode.c.h; path = UIViewController_Util.h; sourceTree = "<group>"; };
		5829852F22B2068A002900CB /* UIViewController_Util.m */ = {isa = PBXFileReference; lastKnownFileType = sourcecode.c.objc; path = UIViewController_Util.m; sourceTree = "<group>"; };
		5829853122B21E04002900CB /* ViewController2.h */ = {isa = PBXFileReference; lastKnownFileType = sourcecode.c.h; path = ViewController2.h; sourceTree = "<group>"; };
		5829853222B21E04002900CB /* ViewController2.m */ = {isa = PBXFileReference; lastKnownFileType = sourcecode.c.objc; path = ViewController2.m; sourceTree = "<group>"; };
		5829853422B224DC002900CB /* NSString_Util.h */ = {isa = PBXFileReference; lastKnownFileType = sourcecode.c.h; path = NSString_Util.h; sourceTree = "<group>"; };
		5829853522B224DC002900CB /* NSString_Util.m */ = {isa = PBXFileReference; lastKnownFileType = sourcecode.c.objc; path = NSString_Util.m; sourceTree = "<group>"; };
		5829853722B22690002900CB /* NSData_XWCrypto.h */ = {isa = PBXFileReference; fileEncoding = 4; lastKnownFileType = sourcecode.c.h; path = NSData_XWCrypto.h; sourceTree = "<group>"; };
		5829853822B22690002900CB /* NSString_XWCrypto.m */ = {isa = PBXFileReference; fileEncoding = 4; lastKnownFileType = sourcecode.c.objc; path = NSString_XWCrypto.m; sourceTree = "<group>"; };
		5829853922B22690002900CB /* NSString_XWCrypto.h */ = {isa = PBXFileReference; fileEncoding = 4; lastKnownFileType = sourcecode.c.h; path = NSString_XWCrypto.h; sourceTree = "<group>"; };
		5829853A22B22690002900CB /* NSData_XWCrypto.m */ = {isa = PBXFileReference; fileEncoding = 4; lastKnownFileType = sourcecode.c.objc; path = NSData_XWCrypto.m; sourceTree = "<group>"; };
		5829853D22B23DB6002900CB /* XWBase64EncodingUtil.h */ = {isa = PBXFileReference; lastKnownFileType = sourcecode.c.h; path = XWBase64EncodingUtil.h; sourceTree = "<group>"; };
		5829853E22B23DB6002900CB /* XWBase64EncodingUtil.m */ = {isa = PBXFileReference; lastKnownFileType = sourcecode.c.objc; path = XWBase64EncodingUtil.m; sourceTree = "<group>"; };
		5829854022B24BDF002900CB /* UIView_Util.h */ = {isa = PBXFileReference; lastKnownFileType = sourcecode.c.h; path = UIView_Util.h; sourceTree = "<group>"; };
		5829854122B24BDF002900CB /* UIView_Util.m */ = {isa = PBXFileReference; lastKnownFileType = sourcecode.c.objc; path = UIView_Util.m; sourceTree = "<group>"; };
		5829855222B27B97002900CB /* UIScrollView_Util.h */ = {isa = PBXFileReference; lastKnownFileType = sourcecode.c.h; path = UIScrollView_Util.h; sourceTree = "<group>"; };
		5829855322B27B97002900CB /* UIScrollView_Util.m */ = {isa = PBXFileReference; lastKnownFileType = sourcecode.c.objc; path = UIScrollView_Util.m; sourceTree = "<group>"; };
		5829855522B280FD002900CB /* ViewController3.h */ = {isa = PBXFileReference; lastKnownFileType = sourcecode.c.h; path = ViewController3.h; sourceTree = "<group>"; };
		5829855622B280FD002900CB /* ViewController3.m */ = {isa = PBXFileReference; lastKnownFileType = sourcecode.c.objc; path = ViewController3.m; sourceTree = "<group>"; };
		58DFF1ED22B16EDA0037A10A /* XWUtils.app */ = {isa = PBXFileReference; explicitFileType = wrapper.application; includeInIndex = 0; path = XWUtils.app; sourceTree = BUILT_PRODUCTS_DIR; };
		58DFF1F022B16EDA0037A10A /* AppDelegate.h */ = {isa = PBXFileReference; lastKnownFileType = sourcecode.c.h; path = AppDelegate.h; sourceTree = "<group>"; };
		58DFF1F122B16EDA0037A10A /* AppDelegate.m */ = {isa = PBXFileReference; lastKnownFileType = sourcecode.c.objc; path = AppDelegate.m; sourceTree = "<group>"; };
		58DFF1F322B16EDA0037A10A /* ViewController.h */ = {isa = PBXFileReference; lastKnownFileType = sourcecode.c.h; path = ViewController.h; sourceTree = "<group>"; };
		58DFF1F422B16EDA0037A10A /* ViewController.m */ = {isa = PBXFileReference; lastKnownFileType = sourcecode.c.objc; path = ViewController.m; sourceTree = "<group>"; };
		58DFF1F722B16EDA0037A10A /* Base */ = {isa = PBXFileReference; lastKnownFileType = file.storyboard; name = Base; path = Base.lproj/Main.storyboard; sourceTree = "<group>"; };
		58DFF1F922B16EDB0037A10A /* Assets.xcassets */ = {isa = PBXFileReference; lastKnownFileType = folder.assetcatalog; path = Assets.xcassets; sourceTree = "<group>"; };
		58DFF1FC22B16EDB0037A10A /* Base */ = {isa = PBXFileReference; lastKnownFileType = file.storyboard; name = Base; path = Base.lproj/LaunchScreen.storyboard; sourceTree = "<group>"; };
		58DFF1FE22B16EDB0037A10A /* Info.plist */ = {isa = PBXFileReference; lastKnownFileType = text.plist.xml; path = Info.plist; sourceTree = "<group>"; };
		58DFF1FF22B16EDB0037A10A /* main.m */ = {isa = PBXFileReference; lastKnownFileType = sourcecode.c.objc; path = main.m; sourceTree = "<group>"; };
		58DFF20922B170B00037A10A /* UIImage_Util.h */ = {isa = PBXFileReference; lastKnownFileType = sourcecode.c.h; path = UIImage_Util.h; sourceTree = "<group>"; };
		58DFF20A22B170B00037A10A /* UIImage_Util.m */ = {isa = PBXFileReference; lastKnownFileType = sourcecode.c.objc; path = UIImage_Util.m; sourceTree = "<group>"; };
		58DFF20C22B1716A0037A10A /* test.gif */ = {isa = PBXFileReference; lastKnownFileType = image.gif; path = test.gif; sourceTree = "<group>"; };
		58DFF20E22B172160037A10A /* NSDate_Util.h */ = {isa = PBXFileReference; lastKnownFileType = sourcecode.c.h; path = NSDate_Util.h; sourceTree = "<group>"; };
		58DFF20F22B172160037A10A /* NSDate_Util.m */ = {isa = PBXFileReference; lastKnownFileType = sourcecode.c.objc; path = NSDate_Util.m; sourceTree = "<group>"; };
/* End PBXFileReference section */

/* Begin PBXFrameworksBuildPhase section */
		58DFF1EA22B16EDA0037A10A /* Frameworks */ = {
			isa = PBXFrameworksBuildPhase;
			buildActionMask = 2147483647;
			files = (
			);
			runOnlyForDeploymentPostprocessing = 0;
		};
/* End PBXFrameworksBuildPhase section */

/* Begin PBXGroup section */
		58DFF1E422B16EDA0037A10A = {
			isa = PBXGroup;
			children = (
				58DFF1EF22B16EDA0037A10A /* XWUtils */,
				58DFF1EE22B16EDA0037A10A /* Products */,
			);
			sourceTree = "<group>";
		};
		58DFF1EE22B16EDA0037A10A /* Products */ = {
			isa = PBXGroup;
			children = (
				58DFF1ED22B16EDA0037A10A /* XWUtils.app */,
			);
			name = Products;
			sourceTree = "<group>";
		};
		58DFF1EF22B16EDA0037A10A /* XWUtils */ = {
			isa = PBXGroup;
			children = (
				58DFF20622B16F820037A10A /* XWUtils */,
				58DFF1F022B16EDA0037A10A /* AppDelegate.h */,
				58DFF1F122B16EDA0037A10A /* AppDelegate.m */,
				58DFF1F322B16EDA0037A10A /* ViewController.h */,
				58DFF1F422B16EDA0037A10A /* ViewController.m */,
				5829853122B21E04002900CB /* ViewController2.h */,
				5829853222B21E04002900CB /* ViewController2.m */,
				5829855522B280FD002900CB /* ViewController3.h */,
				5829855622B280FD002900CB /* ViewController3.m */,
				58DFF1F622B16EDA0037A10A /* Main.storyboard */,
				58DFF1F922B16EDB0037A10A /* Assets.xcassets */,
				58DFF1FB22B16EDB0037A10A /* LaunchScreen.storyboard */,
				58DFF1FE22B16EDB0037A10A /* Info.plist */,
				58DFF1FF22B16EDB0037A10A /* main.m */,
				58DFF20C22B1716A0037A10A /* test.gif */,
			);
			path = XWUtils;
			sourceTree = "<group>";
		};
		58DFF20622B16F820037A10A /* XWUtils */ = {
			isa = PBXGroup;
			children = (
				58DFF20722B16F820037A10A /* UIKit */,
				58DFF20822B16F820037A10A /* Foundation */,
			);
			path = XWUtils;
			sourceTree = "<group>";
		};
		58DFF20722B16F820037A10A /* UIKit */ = {
			isa = PBXGroup;
			children = (
				58DFF20922B170B00037A10A /* UIImage_Util.h */,
				58DFF20A22B170B00037A10A /* UIImage_Util.m */,
				5829852E22B2068A002900CB /* UIViewController_Util.h */,
				5829852F22B2068A002900CB /* UIViewController_Util.m */,
				5829854022B24BDF002900CB /* UIView_Util.h */,
				5829854122B24BDF002900CB /* UIView_Util.m */,
				5829855222B27B97002900CB /* UIScrollView_Util.h */,
				5829855322B27B97002900CB /* UIScrollView_Util.m */,
			);
			path = UIKit;
			sourceTree = "<group>";
		};
		58DFF20822B16F820037A10A /* Foundation */ = {
			isa = PBXGroup;
			children = (
				58DFF20E22B172160037A10A /* NSDate_Util.h */,
				58DFF20F22B172160037A10A /* NSDate_Util.m */,
				5829853422B224DC002900CB /* NSString_Util.h */,
				5829853522B224DC002900CB /* NSString_Util.m */,
				5829853722B22690002900CB /* NSData_XWCrypto.h */,
				5829853A22B22690002900CB /* NSData_XWCrypto.m */,
				5829853922B22690002900CB /* NSString_XWCrypto.h */,
				5829853822B22690002900CB /* NSString_XWCrypto.m */,
				5829853D22B23DB6002900CB /* XWBase64EncodingUtil.h */,
				5829853E22B23DB6002900CB /* XWBase64EncodingUtil.m */,
			);
			path = Foundation;
			sourceTree = "<group>";
		};
/* End PBXGroup section */

/* Begin PBXNativeTarget section */
		58DFF1EC22B16EDA0037A10A /* XWUtils */ = {
			isa = PBXNativeTarget;
			buildConfigurationList = 58DFF20322B16EDB0037A10A /* Build configuration list for PBXNativeTarget "XWUtils" */;
			buildPhases = (
				58DFF1E922B16EDA0037A10A /* Sources */,
				58DFF1EA22B16EDA0037A10A /* Frameworks */,
				58DFF1EB22B16EDA0037A10A /* Resources */,
			);
			buildRules = (
			);
			dependencies = (
			);
			name = XWUtils;
			productName = XWUtils;
			productReference = 58DFF1ED22B16EDA0037A10A /* XWUtils.app */;
			productType = "com.apple.product-type.application";
		};
/* End PBXNativeTarget section */

/* Begin PBXProject section */
		58DFF1E522B16EDA0037A10A /* Project object */ = {
			isa = PBXProject;
			attributes = {
				LastUpgradeCheck = 1000;
				ORGANIZATIONNAME = xiaowu;
				TargetAttributes = {
					58DFF1EC22B16EDA0037A10A = {
						CreatedOnToolsVersion = 10.0;
					};
				};
			};
			buildConfigurationList = 58DFF1E822B16EDA0037A10A /* Build configuration list for PBXProject "XWUtils" */;
			compatibilityVersion = "Xcode 9.3";
			developmentRegion = en;
			hasScannedForEncodings = 0;
			knownRegions = (
				en,
				Base,
			);
			mainGroup = 58DFF1E422B16EDA0037A10A;
			productRefGroup = 58DFF1EE22B16EDA0037A10A /* Products */;
			projectDirPath = "";
			projectRoot = "";
			targets = (
				58DFF1EC22B16EDA0037A10A /* XWUtils */,
			);
		};
/* End PBXProject section */

/* Begin PBXResourcesBuildPhase section */
		58DFF1EB22B16EDA0037A10A /* Resources */ = {
			isa = PBXResourcesBuildPhase;
			buildActionMask = 2147483647;
			files = (
				58DFF20D22B1716A0037A10A /* test.gif in Resources */,
				58DFF1FD22B16EDB0037A10A /* LaunchScreen.storyboard in Resources */,
				58DFF1FA22B16EDB0037A10A /* Assets.xcassets in Resources */,
				58DFF1F822B16EDA0037A10A /* Main.storyboard in Resources */,
			);
			runOnlyForDeploymentPostprocessing = 0;
		};
/* End PBXResourcesBuildPhase section */

/* Begin PBXSourcesBuildPhase section */
		58DFF1E922B16EDA0037A10A /* Sources */ = {
			isa = PBXSourcesBuildPhase;
			buildActionMask = 2147483647;
			files = (
				5829853322B21E04002900CB /* ViewController2.m in Sources */,
				5829853022B2068A002900CB /* UIViewController_Util.m in Sources */,
				5829854222B24BDF002900CB /* UIView_Util.m in Sources */,
				5829853C22B22691002900CB /* NSData_XWCrypto.m in Sources */,
				58DFF1F522B16EDA0037A10A /* ViewController.m in Sources */,
				58DFF20022B16EDB0037A10A /* main.m in Sources */,
				5829855722B280FD002900CB /* ViewController3.m in Sources */,
				5829855422B27B97002900CB /* UIScrollView_Util.m in Sources */,
				5829853B22B22691002900CB /* NSString_XWCrypto.m in Sources */,
				58DFF21022B172160037A10A /* NSDate_Util.m in Sources */,
				5829853F22B23DB6002900CB /* XWBase64EncodingUtil.m in Sources */,
				58DFF1F222B16EDA0037A10A /* AppDelegate.m in Sources */,
				58DFF20B22B170B00037A10A /* UIImage_Util.m in Sources */,
				5829853622B224DD002900CB /* NSString_Util.m in Sources */,
			);
			runOnlyForDeploymentPostprocessing = 0;
		};
/* End PBXSourcesBuildPhase section */

/* Begin PBXVariantGroup section */
		58DFF1F622B16EDA0037A10A /* Main.storyboard */ = {
			isa = PBXVariantGroup;
			children = (
				58DFF1F722B16EDA0037A10A /* Base */,
			);
			name = Main.storyboard;
			sourceTree = "<group>";
		};
		58DFF1FB22B16EDB0037A10A /* LaunchScreen.storyboard */ = {
			isa = PBXVariantGroup;
			children = (
				58DFF1FC22B16EDB0037A10A /* Base */,
			);
			name = LaunchScreen.storyboard;
			sourceTree = "<group>";
		};
/* End PBXVariantGroup section */

/* Begin XCBuildConfiguration section */
		58DFF20122B16EDB0037A10A /* Debug */ = {
			isa = XCBuildConfiguration;
			buildSettings = {
				ALWAYS_SEARCH_USER_PATHS = NO;
				CLANG_ANALYZER_NONNULL = YES;
				CLANG_ANALYZER_NUMBER_OBJECT_CONVERSION = YES_AGGRESSIVE;
				CLANG_CXX_LANGUAGE_STANDARD = "gnu++14";
				CLANG_CXX_LIBRARY = "libc++";
				CLANG_ENABLE_MODULES = YES;
				CLANG_ENABLE_OBJC_ARC = YES;
				CLANG_ENABLE_OBJC_WEAK = YES;
				CLANG_WARN_BLOCK_CAPTURE_AUTORELEASING = YES;
				CLANG_WARN_BOOL_CONVERSION = YES;
				CLANG_WARN_COMMA = YES;
				CLANG_WARN_CONSTANT_CONVERSION = YES;
				CLANG_WARN_DEPRECATED_OBJC_IMPLEMENTATIONS = YES;
				CLANG_WARN_DIRECT_OBJC_ISA_USAGE = YES_ERROR;
				CLANG_WARN_DOCUMENTATION_COMMENTS = YES;
				CLANG_WARN_EMPTY_BODY = YES;
				CLANG_WARN_ENUM_CONVERSION = YES;
				CLANG_WARN_INFINITE_RECURSION = YES;
				CLANG_WARN_INT_CONVERSION = YES;
				CLANG_WARN_NON_LITERAL_NULL_CONVERSION = YES;
				CLANG_WARN_OBJC_IMPLICIT_RETAIN_SELF = YES;
				CLANG_WARN_OBJC_LITERAL_CONVERSION = YES;
				CLANG_WARN_OBJC_ROOT_CLASS = YES_ERROR;
				CLANG_WARN_RANGE_LOOP_ANALYSIS = YES;
				CLANG_WARN_STRICT_PROTOTYPES = YES;
				CLANG_WARN_SUSPICIOUS_MOVE = YES;
				CLANG_WARN_UNGUARDED_AVAILABILITY = YES_AGGRESSIVE;
				CLANG_WARN_UNREACHABLE_CODE = YES;
				CLANG_WARN__DUPLICATE_METHOD_MATCH = YES;
				CODE_SIGN_IDENTITY = "iPhone Developer";
				COPY_PHASE_STRIP = NO;
				DEBUG_INFORMATION_FORMAT = dwarf;
				ENABLE_STRICT_OBJC_MSGSEND = YES;
				ENABLE_TESTABILITY = YES;
				GCC_C_LANGUAGE_STANDARD = gnu11;
				GCC_DYNAMIC_NO_PIC = NO;
				GCC_NO_COMMON_BLOCKS = YES;
				GCC_OPTIMIZATION_LEVEL = 0;
				GCC_PREPROCESSOR_DEFINITIONS = (
					"DEBUG=1",
					"$(inherited)",
				);
				GCC_WARN_64_TO_32_BIT_CONVERSION = YES;
				GCC_WARN_ABOUT_RETURN_TYPE = YES_ERROR;
				GCC_WARN_UNDECLARED_SELECTOR = YES;
				GCC_WARN_UNINITIALIZED_AUTOS = YES_AGGRESSIVE;
				GCC_WARN_UNUSED_FUNCTION = YES;
				GCC_WARN_UNUSED_VARIABLE = YES;
				IPHONEOS_DEPLOYMENT_TARGET = 12.0;
				MTL_ENABLE_DEBUG_INFO = INCLUDE_SOURCE;
				MTL_FAST_MATH = YES;
				ONLY_ACTIVE_ARCH = YES;
				SDKROOT = iphoneos;
			};
			name = Debug;
		};
		58DFF20222B16EDB0037A10A /* Release */ = {
			isa = XCBuildConfiguration;
			buildSettings = {
				ALWAYS_SEARCH_USER_PATHS = NO;
				CLANG_ANALYZER_NONNULL = YES;
				CLANG_ANALYZER_NUMBER_OBJECT_CONVERSION = YES_AGGRESSIVE;
				CLANG_CXX_LANGUAGE_STANDARD = "gnu++14";
				CLANG_CXX_LIBRARY = "libc++";
				CLANG_ENABLE_MODULES = YES;
				CLANG_ENABLE_OBJC_ARC = YES;
				CLANG_ENABLE_OBJC_WEAK = YES;
				CLANG_WARN_BLOCK_CAPTURE_AUTORELEASING = YES;
				CLANG_WARN_BOOL_CONVERSION = YES;
				CLANG_WARN_COMMA = YES;
				CLANG_WARN_CONSTANT_CONVERSION = YES;
				CLANG_WARN_DEPRECATED_OBJC_IMPLEMENTATIONS = YES;
				CLANG_WARN_DIRECT_OBJC_ISA_USAGE = YES_ERROR;
				CLANG_WARN_DOCUMENTATION_COMMENTS = YES;
				CLANG_WARN_EMPTY_BODY = YES;
				CLANG_WARN_ENUM_CONVERSION = YES;
				CLANG_WARN_INFINITE_RECURSION = YES;
				CLANG_WARN_INT_CONVERSION = YES;
				CLANG_WARN_NON_LITERAL_NULL_CONVERSION = YES;
				CLANG_WARN_OBJC_IMPLICIT_RETAIN_SELF = YES;
				CLANG_WARN_OBJC_LITERAL_CONVERSION = YES;
				CLANG_WARN_OBJC_ROOT_CLASS = YES_ERROR;
				CLANG_WARN_RANGE_LOOP_ANALYSIS = YES;
				CLANG_WARN_STRICT_PROTOTYPES = YES;
				CLANG_WARN_SUSPICIOUS_MOVE = YES;
				CLANG_WARN_UNGUARDED_AVAILABILITY = YES_AGGRESSIVE;
				CLANG_WARN_UNREACHABLE_CODE = YES;
				CLANG_WARN__DUPLICATE_METHOD_MATCH = YES;
				CODE_SIGN_IDENTITY = "iPhone Developer";
				COPY_PHASE_STRIP = NO;
				DEBUG_INFORMATION_FORMAT = "dwarf-with-dsym";
				ENABLE_NS_ASSERTIONS = NO;
				ENABLE_STRICT_OBJC_MSGSEND = YES;
				GCC_C_LANGUAGE_STANDARD = gnu11;
				GCC_NO_COMMON_BLOCKS = YES;
				GCC_WARN_64_TO_32_BIT_CONVERSION = YES;
				GCC_WARN_ABOUT_RETURN_TYPE = YES_ERROR;
				GCC_WARN_UNDECLARED_SELECTOR = YES;
				GCC_WARN_UNINITIALIZED_AUTOS = YES_AGGRESSIVE;
				GCC_WARN_UNUSED_FUNCTION = YES;
				GCC_WARN_UNUSED_VARIABLE = YES;
				IPHONEOS_DEPLOYMENT_TARGET = 12.0;
				MTL_ENABLE_DEBUG_INFO = NO;
				MTL_FAST_MATH = YES;
				SDKROOT = iphoneos;
				VALIDATE_PRODUCT = YES;
			};
			name = Release;
		};
		58DFF20422B16EDB0037A10A /* Debug */ = {
			isa = XCBuildConfiguration;
			buildSettings = {
				ASSETCATALOG_COMPILER_APPICON_NAME = AppIcon;
				CODE_SIGN_STYLE = Automatic;
				DEVELOPMENT_TEAM = 9JS6E9FTN7;
				INFOPLIST_FILE = XWUtils/Info.plist;
				IPHONEOS_DEPLOYMENT_TARGET = 9.0;
				LD_RUNPATH_SEARCH_PATHS = (
					"$(inherited)",
					"@executable_path/Frameworks",
				);
				PRODUCT_BUNDLE_IDENTIFIER = com.xiaowu.XWUtils;
				PRODUCT_NAME = "$(TARGET_NAME)";
				TARGETED_DEVICE_FAMILY = "1,2";
			};
			name = Debug;
		};
		58DFF20522B16EDB0037A10A /* Release */ = {
			isa = XCBuildConfiguration;
			buildSettings = {
				ASSETCATALOG_COMPILER_APPICON_NAME = AppIcon;
				CODE_SIGN_STYLE = Automatic;
				DEVELOPMENT_TEAM = 9JS6E9FTN7;
				INFOPLIST_FILE = XWUtils/Info.plist;
				IPHONEOS_DEPLOYMENT_TARGET = 9.0;
				LD_RUNPATH_SEARCH_PATHS = (
					"$(inherited)",
					"@executable_path/Frameworks",
				);
				PRODUCT_BUNDLE_IDENTIFIER = com.xiaowu.XWUtils;
				PRODUCT_NAME = "$(TARGET_NAME)";
				TARGETED_DEVICE_FAMILY = "1,2";
			};
			name = Release;
		};
/* End XCBuildConfiguration section */

/* Begin XCConfigurationList section */
		58DFF1E822B16EDA0037A10A /* Build configuration list for PBXProject "XWUtils" */ = {
			isa = XCConfigurationList;
			buildConfigurations = (
				58DFF20122B16EDB0037A10A /* Debug */,
				58DFF20222B16EDB0037A10A /* Release */,
			);
			defaultConfigurationIsVisible = 0;
			defaultConfigurationName = Release;
		};
		58DFF20322B16EDB0037A10A /* Build configuration list for PBXNativeTarget "XWUtils" */ = {
			isa = XCConfigurationList;
			buildConfigurations = (
				58DFF20422B16EDB0037A10A /* Debug */,
				58DFF20522B16EDB0037A10A /* Release */,
			);
			defaultConfigurationIsVisible = 0;
			defaultConfigurationName = Release;
		};
/* End XCConfigurationList section */
	};
	rootObject = 58DFF1E522B16EDA0037A10A /* Project object */;
}
